<?xml version="1.0" encoding="utf-8"?>
<Project ToolsVersion="4.0" xmlns="http://schemas.microsoft.com/developer/msbuild/2003">
  <ItemGroup>
    <Filter Include="Source Files">
      <UniqueIdentifier>{4FC737F1-C7A5-4376-A066-2A32D752A2FF}</UniqueIdentifier>
      <Extensions>cpp;c;cc;cxx;def;odl;idl;hpj;bat;asm;asmx</Extensions>
    </Filter>
    <Filter Include="Header Files">
      <UniqueIdentifier>{93995380-89BD-4b04-88EB-625FBE52EBFB}</UniqueIdentifier>
      <Extensions>h;hh;hpp;hxx;hm;inl;inc;xsd</Extensions>
    </Filter>
    <Filter Include="Resource Files">
      <UniqueIdentifier>{67DA6AB6-F800-4c08-8B7A-83BB121AAD01}</UniqueIdentifier>
      <Extensions>rc;ico;cur;bmp;dlg;rc2;rct;bin;rgs;gif;jpg;jpeg;jpe;resx;tiff;tif;png;wav;mfcribbon-ms</Extensions>
    </Filter>
  </ItemGroup>
  <ItemGroup>
    <ClCompile Include="src\main.c">
      <Filter>Source Files</Filter>
    </ClCompile>
    <ClCompile Include="src\Domain\entities.c">
      <Filter>Source Files</Filter>
    </ClCompile>
    <ClCompile Include="src\Domain\validator.c">
      <Filter>Source Files</Filter>
    </ClCompile>
    <ClCompile Include="src\Repository\repository.c">
      <Filter>Source Files</Filter>
    </ClCompile>
    <ClCompile Include="src\Controller\controller.c">
      <Filter>Source Files</Filter>
    </ClCompile>
    <ClCompile Include="src\Tests\tests.c">
      <Filter>Source Files</Filter>
    </ClCompile>
    <ClCompile Include="src\Tests\Domain\test_validator.c">
      <Filter>Source Files</Filter>
    </ClCompile>
    <ClCompile Include="src\Tests\Repository\test_repository.c">
      <Filter>Source Files</Filter>
    </ClCompile>
    <ClCompile Include="src\Tests\Vector\test_iterator.c">
      <Filter>Source Files</Filter>
    </ClCompile>
    <ClCompile Include="src\Tests\Vector\test_vector.c">
      <Filter>Source Files</Filter>
    </ClCompile>
    <ClCompile Include="src\Ui\console.c">
      <Filter>Source Files</Filter>
    </ClCompile>
    <ClCompile Include="src\Utils\Vector\iterator.c">
      <Filter>Source Files</Filter>
    </ClCompile>
    <ClCompile Include="src\Utils\Vector\vector.c">
      <Filter>Source Files</Filter>
    </ClCompile>
    <ClCompile Include="src\Utils\Stack\stack.c">
      <Filter>Source Files</Filter>
    </ClCompile>
    <ClCompile Include="src\Utils\Operation\operation.c">
      <Filter>Source Files</Filter>
    </ClCompile>
  </ItemGroup>
  <ItemGroup>
    <ClInclude Include="src\Domain\entities.h">
      <Filter>Header Files</Filter>
    </ClInclude>
    <ClInclude Include="src\Domain\validator.h">
      <Filter>Header Files</Filter>
    </ClInclude>
    <ClInclude Include="src\Repository\repository.h">
      <Filter>Header Files</Filter>
    </ClInclude>
    <ClInclude Include="src\Controller\controller.h">
      <Filter>Header Files</Filter>
    </ClInclude>
    <ClInclude Include="src\Tests\Domain\test_validator.h">
      <Filter>Header Files</Filter>
    </ClInclude>
    <ClInclude Include="src\Tests\Repository\test_repository.h">
      <Filter>Header Files</Filter>
    </ClInclude>
    <ClInclude Include="src\Tests\Vector\test_iterator.h">
      <Filter>Header Files</Filter>
    </ClInclude>
    <ClInclude Include="src\Tests\Vector\test_vector.h">
      <Filter>Header Files</Filter>
    </ClInclude>
    <ClInclude Include="src\Ui\console.h">
      <Filter>Header Files</Filter>
    </ClInclude>
    <ClInclude Include="src\Utils\Vector\iterator.h">
      <Filter>Header Files</Filter>
    </ClInclude>
    <ClInclude Include="src\Utils\Vector\vector.h">
      <Filter>Header Files</Filter>
    </ClInclude>
    <ClInclude Include="src\Tests\tests.h">
      <Filter>Header Files</Filter>
    </ClInclude>
    <ClInclude Include="src\leak.h">
      <Filter>Header Files</Filter>
    </ClInclude>
    <ClInclude Include="src\Utils\Stack\stack.h">
      <Filter>Header Files</Filter>
    </ClInclude>
    <ClInclude Include="src\Utils\Operation\operation.h">
      <Filter>Header Files</Filter>
    </ClInclude>
  </ItemGroup>
  <ItemGroup>
    <Text Include="src\Tests\Files\test_cheltuieli.txt" />
    <Text Include="src\Files\cheltuieli.txt" />
    <Text Include="Debug\Files\test_cheltuieli.txt" />
  </ItemGroup>
</Project>